// !$*UTF8*$!
{
	archiveVersion = 1;
	classes = {
	};
	objectVersion = 51;
	objects = {

/* Begin PBXBuildFile section */
		1BF80B69D56B2BFAD06BA2C9 /* Pods_Solario.framework in Frameworks */ = {isa = PBXBuildFile; fileRef = 26E52C68FE58B8C492C6ED0F /* Pods_Solario.framework */; };
		A128AA0B1F31E42700505390 /* Extensions.swift in Sources */ = {isa = PBXBuildFile; fileRef = A128AA0A1F31E42700505390 /* Extensions.swift */; };
		A128AA0D1F31E4F100505390 /* Localizable.strings in Resources */ = {isa = PBXBuildFile; fileRef = A128AA0C1F31E4F100505390 /* Localizable.strings */; };
		A128AA0F1F31F11400505390 /* ReportViewController.swift in Sources */ = {isa = PBXBuildFile; fileRef = A128AA0E1F31F11400505390 /* ReportViewController.swift */; };
		A128AA111F32449100505390 /* RawViewController.swift in Sources */ = {isa = PBXBuildFile; fileRef = A128AA101F32449100505390 /* RawViewController.swift */; };
		A128AA131F3253E300505390 /* Report.swift in Sources */ = {isa = PBXBuildFile; fileRef = A128AA121F3253E300505390 /* Report.swift */; };
		A128AA151F32541200505390 /* LastMonthReport.swift in Sources */ = {isa = PBXBuildFile; fileRef = A128AA141F32541200505390 /* LastMonthReport.swift */; };
		A128AA171F32542200505390 /* CurrentMonthReport.swift in Sources */ = {isa = PBXBuildFile; fileRef = A128AA161F32542200505390 /* CurrentMonthReport.swift */; };
		A128AA191F32543500505390 /* ThreeDayForecastReport.swift in Sources */ = {isa = PBXBuildFile; fileRef = A128AA181F32543500505390 /* ThreeDayForecastReport.swift */; };
		A128AA1B1F32544900505390 /* TwentySevenDayForecastReport.swift in Sources */ = {isa = PBXBuildFile; fileRef = A128AA1A1F32544900505390 /* TwentySevenDayForecastReport.swift */; };
		A128AA1D1F32551E00505390 /* ReportItemTableViewCell.swift in Sources */ = {isa = PBXBuildFile; fileRef = A128AA1C1F32551E00505390 /* ReportItemTableViewCell.swift */; };
		A128AA1F1F3255F900505390 /* Tester.swift in Sources */ = {isa = PBXBuildFile; fileRef = A128AA1E1F3255F900505390 /* Tester.swift */; };
		A13479B91F654BA500435648 /* ReportsInteractor.swift in Sources */ = {isa = PBXBuildFile; fileRef = A13479B81F654BA500435648 /* ReportsInteractor.swift */; };
		A13AB1681EEFD467007A730B /* DataItemDateComponents.swift in Sources */ = {isa = PBXBuildFile; fileRef = A13AB1671EEFD467007A730B /* DataItemDateComponents.swift */; };
		A13AB16A1EEFD47F007A730B /* DataItem.swift in Sources */ = {isa = PBXBuildFile; fileRef = A13AB1691EEFD47F007A730B /* DataItem.swift */; };
		A13AB16C1EEFD496007A730B /* RawDataFile.swift in Sources */ = {isa = PBXBuildFile; fileRef = A13AB16B1EEFD496007A730B /* RawDataFile.swift */; };
		A13AB16E1EEFD4BD007A730B /* ParserError.swift in Sources */ = {isa = PBXBuildFile; fileRef = A13AB16D1EEFD4BD007A730B /* ParserError.swift */; };
		A13AB1701EEFD4D0007A730B /* RawDataRetreiver.swift in Sources */ = {isa = PBXBuildFile; fileRef = A13AB16F1EEFD4D0007A730B /* RawDataRetreiver.swift */; };
		A13AB1721EEFD4F2007A730B /* DataFileParser.swift in Sources */ = {isa = PBXBuildFile; fileRef = A13AB1711EEFD4F2007A730B /* DataFileParser.swift */; };
		A13AB1741EEFD513007A730B /* NOAADataFileParser.swift in Sources */ = {isa = PBXBuildFile; fileRef = A13AB1731EEFD513007A730B /* NOAADataFileParser.swift */; };
		A13AB17A1EEFD57F007A730B /* TwentySevenDayForecastParser.swift in Sources */ = {isa = PBXBuildFile; fileRef = A13AB1791EEFD57F007A730B /* TwentySevenDayForecastParser.swift */; };
		A13AB17C1EEFD599007A730B /* ThreeDayForecastParser.swift in Sources */ = {isa = PBXBuildFile; fileRef = A13AB17B1EEFD599007A730B /* ThreeDayForecastParser.swift */; };
		A1416D391F0A5CFF0084DF20 /* MonthFactParser.swift in Sources */ = {isa = PBXBuildFile; fileRef = A1416D381F0A5CFF0084DF20 /* MonthFactParser.swift */; };
		A1736149236C7C7E0047B314 /* CalendarViewController.swift in Sources */ = {isa = PBXBuildFile; fileRef = A1736148236C7C7E0047B314 /* CalendarViewController.swift */; };
		A1789DFC216161460068AA02 /* Appearance.swift in Sources */ = {isa = PBXBuildFile; fileRef = A1789DFB216161460068AA02 /* Appearance.swift */; };
		A186CCCC23915A9100AADA67 /* CalendarDayCell.swift in Sources */ = {isa = PBXBuildFile; fileRef = A186CCCB23915A9100AADA67 /* CalendarDayCell.swift */; };
		A1E594C51E6C1891008745B1 /* AppDelegate.swift in Sources */ = {isa = PBXBuildFile; fileRef = A1E594C41E6C1891008745B1 /* AppDelegate.swift */; };
		A1E594C71E6C1891008745B1 /* ReportListViewController.swift in Sources */ = {isa = PBXBuildFile; fileRef = A1E594C61E6C1891008745B1 /* ReportListViewController.swift */; };
		A1E594CC1E6C1891008745B1 /* Assets.xcassets in Resources */ = {isa = PBXBuildFile; fileRef = A1E594CB1E6C1891008745B1 /* Assets.xcassets */; };
		A1E594CF1E6C1891008745B1 /* LaunchScreen.storyboard in Resources */ = {isa = PBXBuildFile; fileRef = A1E594CD1E6C1891008745B1 /* LaunchScreen.storyboard */; };
/* End PBXBuildFile section */

/* Begin PBXFileReference section */
		003B9AECA670BC170E74D814 /* Pods-Solario.debug.xcconfig */ = {isa = PBXFileReference; includeInIndex = 1; lastKnownFileType = text.xcconfig; name = "Pods-Solario.debug.xcconfig"; path = "Target Support Files/Pods-Solario/Pods-Solario.debug.xcconfig"; sourceTree = "<group>"; };
		26E52C68FE58B8C492C6ED0F /* Pods_Solario.framework */ = {isa = PBXFileReference; explicitFileType = wrapper.framework; includeInIndex = 0; path = Pods_Solario.framework; sourceTree = BUILT_PRODUCTS_DIR; };
		94E50256E77EC20F4EB7C4CA /* Pods-Solario.release.xcconfig */ = {isa = PBXFileReference; includeInIndex = 1; lastKnownFileType = text.xcconfig; name = "Pods-Solario.release.xcconfig"; path = "Target Support Files/Pods-Solario/Pods-Solario.release.xcconfig"; sourceTree = "<group>"; };
		A128AA0A1F31E42700505390 /* Extensions.swift */ = {isa = PBXFileReference; fileEncoding = 4; lastKnownFileType = sourcecode.swift; path = Extensions.swift; sourceTree = "<group>"; };
		A128AA0C1F31E4F100505390 /* Localizable.strings */ = {isa = PBXFileReference; fileEncoding = 4; lastKnownFileType = text.plist.strings; path = Localizable.strings; sourceTree = "<group>"; };
		A128AA0E1F31F11400505390 /* ReportViewController.swift */ = {isa = PBXFileReference; fileEncoding = 4; indentWidth = 4; lastKnownFileType = sourcecode.swift; path = ReportViewController.swift; sourceTree = "<group>"; tabWidth = 4; };
		A128AA101F32449100505390 /* RawViewController.swift */ = {isa = PBXFileReference; fileEncoding = 4; indentWidth = 4; lastKnownFileType = sourcecode.swift; path = RawViewController.swift; sourceTree = "<group>"; tabWidth = 4; };
		A128AA121F3253E300505390 /* Report.swift */ = {isa = PBXFileReference; fileEncoding = 4; lastKnownFileType = sourcecode.swift; path = Report.swift; sourceTree = "<group>"; };
		A128AA141F32541200505390 /* LastMonthReport.swift */ = {isa = PBXFileReference; fileEncoding = 4; lastKnownFileType = sourcecode.swift; path = LastMonthReport.swift; sourceTree = "<group>"; };
		A128AA161F32542200505390 /* CurrentMonthReport.swift */ = {isa = PBXFileReference; fileEncoding = 4; lastKnownFileType = sourcecode.swift; path = CurrentMonthReport.swift; sourceTree = "<group>"; };
		A128AA181F32543500505390 /* ThreeDayForecastReport.swift */ = {isa = PBXFileReference; fileEncoding = 4; lastKnownFileType = sourcecode.swift; path = ThreeDayForecastReport.swift; sourceTree = "<group>"; };
		A128AA1A1F32544900505390 /* TwentySevenDayForecastReport.swift */ = {isa = PBXFileReference; fileEncoding = 4; lastKnownFileType = sourcecode.swift; path = TwentySevenDayForecastReport.swift; sourceTree = "<group>"; };
		A128AA1C1F32551E00505390 /* ReportItemTableViewCell.swift */ = {isa = PBXFileReference; fileEncoding = 4; lastKnownFileType = sourcecode.swift; path = ReportItemTableViewCell.swift; sourceTree = "<group>"; };
		A128AA1E1F3255F900505390 /* Tester.swift */ = {isa = PBXFileReference; fileEncoding = 4; lastKnownFileType = sourcecode.swift; path = Tester.swift; sourceTree = "<group>"; };
		A13479B81F654BA500435648 /* ReportsInteractor.swift */ = {isa = PBXFileReference; fileEncoding = 4; indentWidth = 4; lastKnownFileType = sourcecode.swift; path = ReportsInteractor.swift; sourceTree = "<group>"; tabWidth = 4; };
		A13AB1671EEFD467007A730B /* DataItemDateComponents.swift */ = {isa = PBXFileReference; indentWidth = 4; lastKnownFileType = sourcecode.swift; path = DataItemDateComponents.swift; sourceTree = "<group>"; tabWidth = 4; };
		A13AB1691EEFD47F007A730B /* DataItem.swift */ = {isa = PBXFileReference; lastKnownFileType = sourcecode.swift; path = DataItem.swift; sourceTree = "<group>"; };
		A13AB16B1EEFD496007A730B /* RawDataFile.swift */ = {isa = PBXFileReference; lastKnownFileType = sourcecode.swift; path = RawDataFile.swift; sourceTree = "<group>"; };
		A13AB16D1EEFD4BD007A730B /* ParserError.swift */ = {isa = PBXFileReference; lastKnownFileType = sourcecode.swift; path = ParserError.swift; sourceTree = "<group>"; };
		A13AB16F1EEFD4D0007A730B /* RawDataRetreiver.swift */ = {isa = PBXFileReference; lastKnownFileType = sourcecode.swift; path = RawDataRetreiver.swift; sourceTree = "<group>"; };
		A13AB1711EEFD4F2007A730B /* DataFileParser.swift */ = {isa = PBXFileReference; lastKnownFileType = sourcecode.swift; path = DataFileParser.swift; sourceTree = "<group>"; };
		A13AB1731EEFD513007A730B /* NOAADataFileParser.swift */ = {isa = PBXFileReference; lastKnownFileType = sourcecode.swift; path = NOAADataFileParser.swift; sourceTree = "<group>"; };
		A13AB1791EEFD57F007A730B /* TwentySevenDayForecastParser.swift */ = {isa = PBXFileReference; lastKnownFileType = sourcecode.swift; path = TwentySevenDayForecastParser.swift; sourceTree = "<group>"; };
		A13AB17B1EEFD599007A730B /* ThreeDayForecastParser.swift */ = {isa = PBXFileReference; lastKnownFileType = sourcecode.swift; path = ThreeDayForecastParser.swift; sourceTree = "<group>"; };
		A1416D381F0A5CFF0084DF20 /* MonthFactParser.swift */ = {isa = PBXFileReference; lastKnownFileType = sourcecode.swift; path = MonthFactParser.swift; sourceTree = "<group>"; };
		A1736148236C7C7E0047B314 /* CalendarViewController.swift */ = {isa = PBXFileReference; lastKnownFileType = sourcecode.swift; path = CalendarViewController.swift; sourceTree = "<group>"; };
		A1789DFB216161460068AA02 /* Appearance.swift */ = {isa = PBXFileReference; lastKnownFileType = sourcecode.swift; path = Appearance.swift; sourceTree = "<group>"; };
		A186CCCA238FC49300AADA67 /* ObjC-Bridging-Header.h */ = {isa = PBXFileReference; lastKnownFileType = sourcecode.c.h; path = "ObjC-Bridging-Header.h"; sourceTree = "<group>"; };
		A186CCCB23915A9100AADA67 /* CalendarDayCell.swift */ = {isa = PBXFileReference; lastKnownFileType = sourcecode.swift; path = CalendarDayCell.swift; sourceTree = "<group>"; };
		A1E594C11E6C1891008745B1 /* Solario.app */ = {isa = PBXFileReference; explicitFileType = wrapper.application; includeInIndex = 0; path = Solario.app; sourceTree = BUILT_PRODUCTS_DIR; };
		A1E594C41E6C1891008745B1 /* AppDelegate.swift */ = {isa = PBXFileReference; indentWidth = 4; lastKnownFileType = sourcecode.swift; path = AppDelegate.swift; sourceTree = "<group>"; tabWidth = 4; };
		A1E594C61E6C1891008745B1 /* ReportListViewController.swift */ = {isa = PBXFileReference; indentWidth = 4; lastKnownFileType = sourcecode.swift; path = ReportListViewController.swift; sourceTree = "<group>"; tabWidth = 4; };
		A1E594CB1E6C1891008745B1 /* Assets.xcassets */ = {isa = PBXFileReference; lastKnownFileType = folder.assetcatalog; path = Assets.xcassets; sourceTree = "<group>"; };
		A1E594CE1E6C1891008745B1 /* Base */ = {isa = PBXFileReference; lastKnownFileType = file.storyboard; name = Base; path = Base.lproj/LaunchScreen.storyboard; sourceTree = "<group>"; };
		A1E594D01E6C1891008745B1 /* Info.plist */ = {isa = PBXFileReference; lastKnownFileType = text.plist.xml; path = Info.plist; sourceTree = "<group>"; };
/* End PBXFileReference section */

/* Begin PBXFrameworksBuildPhase section */
		A1E594BE1E6C1891008745B1 /* Frameworks */ = {
			isa = PBXFrameworksBuildPhase;
			buildActionMask = 2147483647;
			files = (
				1BF80B69D56B2BFAD06BA2C9 /* Pods_Solario.framework in Frameworks */,
			);
			runOnlyForDeploymentPostprocessing = 0;
		};
/* End PBXFrameworksBuildPhase section */

/* Begin PBXGroup section */
		07199D16174D035A3D084A3F /* Frameworks */ = {
			isa = PBXGroup;
			children = (
				26E52C68FE58B8C492C6ED0F /* Pods_Solario.framework */,
			);
			name = Frameworks;
			sourceTree = "<group>";
		};
		A13AB1801EEFD819007A730B /* Data */ = {
			isa = PBXGroup;
			children = (
				A13AB16B1EEFD496007A730B /* RawDataFile.swift */,
				A13AB16D1EEFD4BD007A730B /* ParserError.swift */,
				A13AB16F1EEFD4D0007A730B /* RawDataRetreiver.swift */,
				A17427AC1F155671009852DD /* DataFileParser */,
				A13AB1811EEFD895007A730B /* DataItem */,
			);
			path = Data;
			sourceTree = "<group>";
		};
		A13AB1811EEFD895007A730B /* DataItem */ = {
			isa = PBXGroup;
			children = (
				A13AB1671EEFD467007A730B /* DataItemDateComponents.swift */,
				A13AB1691EEFD47F007A730B /* DataItem.swift */,
			);
			path = DataItem;
			sourceTree = "<group>";
		};
		A17427AC1F155671009852DD /* DataFileParser */ = {
			isa = PBXGroup;
			children = (
				A13AB1711EEFD4F2007A730B /* DataFileParser.swift */,
				A13AB1731EEFD513007A730B /* NOAADataFileParser.swift */,
				A1416D381F0A5CFF0084DF20 /* MonthFactParser.swift */,
				A13AB17B1EEFD599007A730B /* ThreeDayForecastParser.swift */,
				A13AB1791EEFD57F007A730B /* TwentySevenDayForecastParser.swift */,
			);
			path = DataFileParser;
			sourceTree = "<group>";
		};
		A1E594B81E6C1891008745B1 = {
			isa = PBXGroup;
			children = (
				A1E594C31E6C1891008745B1 /* Solario */,
				A1E594C21E6C1891008745B1 /* Products */,
				D4F8B0979F64F4CA7D34021B /* Pods */,
				07199D16174D035A3D084A3F /* Frameworks */,
			);
			sourceTree = "<group>";
		};
		A1E594C21E6C1891008745B1 /* Products */ = {
			isa = PBXGroup;
			children = (
				A1E594C11E6C1891008745B1 /* Solario.app */,
			);
			name = Products;
			sourceTree = "<group>";
		};
		A1E594C31E6C1891008745B1 /* Solario */ = {
			isa = PBXGroup;
			children = (
				A1E594C41E6C1891008745B1 /* AppDelegate.swift */,
				A1789DFB216161460068AA02 /* Appearance.swift */,
				A128AA1E1F3255F900505390 /* Tester.swift */,
				A128AA121F3253E300505390 /* Report.swift */,
				A128AA141F32541200505390 /* LastMonthReport.swift */,
				A128AA161F32542200505390 /* CurrentMonthReport.swift */,
				A128AA181F32543500505390 /* ThreeDayForecastReport.swift */,
				A128AA1A1F32544900505390 /* TwentySevenDayForecastReport.swift */,
				A13479B81F654BA500435648 /* ReportsInteractor.swift */,
				A13AB1801EEFD819007A730B /* Data */,
				A1736148236C7C7E0047B314 /* CalendarViewController.swift */,
				A186CCCB23915A9100AADA67 /* CalendarDayCell.swift */,
				A1E594C61E6C1891008745B1 /* ReportListViewController.swift */,
				A128AA0E1F31F11400505390 /* ReportViewController.swift */,
				A128AA1C1F32551E00505390 /* ReportItemTableViewCell.swift */,
				A128AA101F32449100505390 /* RawViewController.swift */,
				A128AA0A1F31E42700505390 /* Extensions.swift */,
				A1E594CB1E6C1891008745B1 /* Assets.xcassets */,
				A1E594CD1E6C1891008745B1 /* LaunchScreen.storyboard */,
				A1E594D01E6C1891008745B1 /* Info.plist */,
				A128AA0C1F31E4F100505390 /* Localizable.strings */,
				A186CCCA238FC49300AADA67 /* ObjC-Bridging-Header.h */,
			);
			path = Solario;
			sourceTree = "<group>";
		};
		D4F8B0979F64F4CA7D34021B /* Pods */ = {
			isa = PBXGroup;
			children = (
				003B9AECA670BC170E74D814 /* Pods-Solario.debug.xcconfig */,
				94E50256E77EC20F4EB7C4CA /* Pods-Solario.release.xcconfig */,
			);
			path = Pods;
			sourceTree = "<group>";
		};
/* End PBXGroup section */

/* Begin PBXNativeTarget section */
		A1E594C01E6C1891008745B1 /* Solario */ = {
			isa = PBXNativeTarget;
			buildConfigurationList = A1E594D31E6C1891008745B1 /* Build configuration list for PBXNativeTarget "Solario" */;
			buildPhases = (
				4E590064FCAD9A37676B077B /* [CP] Check Pods Manifest.lock */,
				A1E594BD1E6C1891008745B1 /* Sources */,
				A1E594BE1E6C1891008745B1 /* Frameworks */,
				A1E594BF1E6C1891008745B1 /* Resources */,
				69F2C79BE3B218FB000102F4 /* [CP] Embed Pods Frameworks */,
			);
			buildRules = (
			);
			dependencies = (
			);
			name = Solario;
			packageProductDependencies = (
			);
			productName = Solario;
			productReference = A1E594C11E6C1891008745B1 /* Solario.app */;
			productType = "com.apple.product-type.application";
		};
/* End PBXNativeTarget section */

/* Begin PBXProject section */
		A1E594B91E6C1891008745B1 /* Project object */ = {
			isa = PBXProject;
			attributes = {
				LastSwiftUpdateCheck = 0820;
				LastUpgradeCheck = 1020;
				ORGANIZATIONNAME = "Hermann Wagenleitner";
				TargetAttributes = {
					A1E594C01E6C1891008745B1 = {
						CreatedOnToolsVersion = 8.2.1;
						ProvisioningStyle = Automatic;
						SystemCapabilities = {
							com.apple.BackgroundModes = {
								enabled = 1;
							};
						};
					};
				};
			};
			buildConfigurationList = A1E594BC1E6C1891008745B1 /* Build configuration list for PBXProject "Solario" */;
			compatibilityVersion = "Xcode 8.0";
			developmentRegion = English;
			hasScannedForEncodings = 0;
			knownRegions = (
				English,
				en,
				Base,
			);
			mainGroup = A1E594B81E6C1891008745B1;
			packageReferences = (
			);
			productRefGroup = A1E594C21E6C1891008745B1 /* Products */;
			projectDirPath = "";
			projectRoot = "";
			targets = (
				A1E594C01E6C1891008745B1 /* Solario */,
			);
		};
/* End PBXProject section */

/* Begin PBXResourcesBuildPhase section */
		A1E594BF1E6C1891008745B1 /* Resources */ = {
			isa = PBXResourcesBuildPhase;
			buildActionMask = 2147483647;
			files = (
				A1E594CF1E6C1891008745B1 /* LaunchScreen.storyboard in Resources */,
				A128AA0D1F31E4F100505390 /* Localizable.strings in Resources */,
				A1E594CC1E6C1891008745B1 /* Assets.xcassets in Resources */,
			);
			runOnlyForDeploymentPostprocessing = 0;
		};
/* End PBXResourcesBuildPhase section */

/* Begin PBXShellScriptBuildPhase section */
		4E590064FCAD9A37676B077B /* [CP] Check Pods Manifest.lock */ = {
			isa = PBXShellScriptBuildPhase;
			buildActionMask = 2147483647;
			files = (
			);
			inputFileListPaths = (
			);
			inputPaths = (
				"${PODS_PODFILE_DIR_PATH}/Podfile.lock",
				"${PODS_ROOT}/Manifest.lock",
			);
			name = "[CP] Check Pods Manifest.lock";
			outputFileListPaths = (
			);
			outputPaths = (
				"$(DERIVED_FILE_DIR)/Pods-Solario-checkManifestLockResult.txt",
			);
			runOnlyForDeploymentPostprocessing = 0;
			shellPath = /bin/sh;
			shellScript = "diff \"${PODS_PODFILE_DIR_PATH}/Podfile.lock\" \"${PODS_ROOT}/Manifest.lock\" > /dev/null\nif [ $? != 0 ] ; then\n    # print error to STDERR\n    echo \"error: The sandbox is not in sync with the Podfile.lock. Run 'pod install' or update your CocoaPods installation.\" >&2\n    exit 1\nfi\n# This output is used by Xcode 'outputs' to avoid re-running this script phase.\necho \"SUCCESS\" > \"${SCRIPT_OUTPUT_FILE_0}\"\n";
			showEnvVarsInLog = 0;
		};
		69F2C79BE3B218FB000102F4 /* [CP] Embed Pods Frameworks */ = {
			isa = PBXShellScriptBuildPhase;
			buildActionMask = 2147483647;
			files = (
			);
			inputFileListPaths = (
				"${PODS_ROOT}/Target Support Files/Pods-Solario/Pods-Solario-frameworks-${CONFIGURATION}-input-files.xcfilelist",
			);
			name = "[CP] Embed Pods Frameworks";
			outputFileListPaths = (
				"${PODS_ROOT}/Target Support Files/Pods-Solario/Pods-Solario-frameworks-${CONFIGURATION}-output-files.xcfilelist",
			);
			runOnlyForDeploymentPostprocessing = 0;
			shellPath = /bin/sh;
			shellScript = "\"${PODS_ROOT}/Target Support Files/Pods-Solario/Pods-Solario-frameworks.sh\"\n";
			showEnvVarsInLog = 0;
		};
/* End PBXShellScriptBuildPhase section */

/* Begin PBXSourcesBuildPhase section */
		A1E594BD1E6C1891008745B1 /* Sources */ = {
			isa = PBXSourcesBuildPhase;
			buildActionMask = 2147483647;
			files = (
				A186CCCC23915A9100AADA67 /* CalendarDayCell.swift in Sources */,
				A13AB1741EEFD513007A730B /* NOAADataFileParser.swift in Sources */,
				A1416D391F0A5CFF0084DF20 /* MonthFactParser.swift in Sources */,
				A13AB1681EEFD467007A730B /* DataItemDateComponents.swift in Sources */,
				A128AA131F3253E300505390 /* Report.swift in Sources */,
				A128AA1D1F32551E00505390 /* ReportItemTableViewCell.swift in Sources */,
				A1736149236C7C7E0047B314 /* CalendarViewController.swift in Sources */,
				A13479B91F654BA500435648 /* ReportsInteractor.swift in Sources */,
				A128AA171F32542200505390 /* CurrentMonthReport.swift in Sources */,
				A13AB16E1EEFD4BD007A730B /* ParserError.swift in Sources */,
				A13AB17A1EEFD57F007A730B /* TwentySevenDayForecastParser.swift in Sources */,
				A13AB16C1EEFD496007A730B /* RawDataFile.swift in Sources */,
				A128AA111F32449100505390 /* RawViewController.swift in Sources */,
				A128AA151F32541200505390 /* LastMonthReport.swift in Sources */,
				A128AA0F1F31F11400505390 /* ReportViewController.swift in Sources */,
				A1E594C71E6C1891008745B1 /* ReportListViewController.swift in Sources */,
				A13AB17C1EEFD599007A730B /* ThreeDayForecastParser.swift in Sources */,
				A128AA0B1F31E42700505390 /* Extensions.swift in Sources */,
				A13AB16A1EEFD47F007A730B /* DataItem.swift in Sources */,
				A13AB1701EEFD4D0007A730B /* RawDataRetreiver.swift in Sources */,
				A128AA191F32543500505390 /* ThreeDayForecastReport.swift in Sources */,
				A1789DFC216161460068AA02 /* Appearance.swift in Sources */,
				A13AB1721EEFD4F2007A730B /* DataFileParser.swift in Sources */,
				A128AA1B1F32544900505390 /* TwentySevenDayForecastReport.swift in Sources */,
				A128AA1F1F3255F900505390 /* Tester.swift in Sources */,
				A1E594C51E6C1891008745B1 /* AppDelegate.swift in Sources */,
			);
			runOnlyForDeploymentPostprocessing = 0;
		};
/* End PBXSourcesBuildPhase section */

/* Begin PBXVariantGroup section */
		A1E594CD1E6C1891008745B1 /* LaunchScreen.storyboard */ = {
			isa = PBXVariantGroup;
			children = (
				A1E594CE1E6C1891008745B1 /* Base */,
			);
			name = LaunchScreen.storyboard;
			sourceTree = "<group>";
		};
/* End PBXVariantGroup section */

/* Begin XCBuildConfiguration section */
		A1E594D11E6C1891008745B1 /* Debug */ = {
			isa = XCBuildConfiguration;
			buildSettings = {
				ALWAYS_SEARCH_USER_PATHS = NO;
				CLANG_ANALYZER_LOCALIZABILITY_NONLOCALIZED = YES;
				CLANG_ANALYZER_NONNULL = YES;
				CLANG_CXX_LANGUAGE_STANDARD = "gnu++0x";
				CLANG_CXX_LIBRARY = "libc++";
				CLANG_ENABLE_MODULES = YES;
				CLANG_ENABLE_OBJC_ARC = YES;
				CLANG_WARN_BLOCK_CAPTURE_AUTORELEASING = YES;
				CLANG_WARN_BOOL_CONVERSION = YES;
				CLANG_WARN_COMMA = YES;
				CLANG_WARN_CONSTANT_CONVERSION = YES;
				CLANG_WARN_DEPRECATED_OBJC_IMPLEMENTATIONS = YES;
				CLANG_WARN_DIRECT_OBJC_ISA_USAGE = YES_ERROR;
				CLANG_WARN_DOCUMENTATION_COMMENTS = YES;
				CLANG_WARN_EMPTY_BODY = YES;
				CLANG_WARN_ENUM_CONVERSION = YES;
				CLANG_WARN_INFINITE_RECURSION = YES;
				CLANG_WARN_INT_CONVERSION = YES;
				CLANG_WARN_NON_LITERAL_NULL_CONVERSION = YES;
				CLANG_WARN_OBJC_IMPLICIT_RETAIN_SELF = YES;
				CLANG_WARN_OBJC_LITERAL_CONVERSION = YES;
				CLANG_WARN_OBJC_ROOT_CLASS = YES_ERROR;
				CLANG_WARN_RANGE_LOOP_ANALYSIS = YES;
				CLANG_WARN_STRICT_PROTOTYPES = YES;
				CLANG_WARN_SUSPICIOUS_MOVE = YES;
				CLANG_WARN_UNREACHABLE_CODE = YES;
				CLANG_WARN__DUPLICATE_METHOD_MATCH = YES;
				"CODE_SIGN_IDENTITY[sdk=iphoneos*]" = "iPhone Developer";
				COPY_PHASE_STRIP = NO;
				DEBUG_INFORMATION_FORMAT = dwarf;
				ENABLE_STRICT_OBJC_MSGSEND = YES;
				ENABLE_TESTABILITY = YES;
				GCC_C_LANGUAGE_STANDARD = gnu99;
				GCC_DYNAMIC_NO_PIC = NO;
				GCC_NO_COMMON_BLOCKS = YES;
				GCC_OPTIMIZATION_LEVEL = 0;
				GCC_PREPROCESSOR_DEFINITIONS = (
					"DEBUG=1",
					"$(inherited)",
				);
				GCC_WARN_64_TO_32_BIT_CONVERSION = YES;
				GCC_WARN_ABOUT_RETURN_TYPE = YES_ERROR;
				GCC_WARN_UNDECLARED_SELECTOR = YES;
				GCC_WARN_UNINITIALIZED_AUTOS = YES_AGGRESSIVE;
				GCC_WARN_UNUSED_FUNCTION = YES;
				GCC_WARN_UNUSED_VARIABLE = YES;
				IPHONEOS_DEPLOYMENT_TARGET = 13.0;
				MTL_ENABLE_DEBUG_INFO = YES;
				ONLY_ACTIVE_ARCH = YES;
				SDKROOT = iphoneos;
				SWIFT_ACTIVE_COMPILATION_CONDITIONS = DEBUG;
				SWIFT_OBJC_BRIDGING_HEADER = "";
				SWIFT_OPTIMIZATION_LEVEL = "-Onone";
				TARGETED_DEVICE_FAMILY = "1,2";
			};
			name = Debug;
		};
		A1E594D21E6C1891008745B1 /* Release */ = {
			isa = XCBuildConfiguration;
			buildSettings = {
				ALWAYS_SEARCH_USER_PATHS = NO;
				CLANG_ANALYZER_LOCALIZABILITY_NONLOCALIZED = YES;
				CLANG_ANALYZER_NONNULL = YES;
				CLANG_CXX_LANGUAGE_STANDARD = "gnu++0x";
				CLANG_CXX_LIBRARY = "libc++";
				CLANG_ENABLE_MODULES = YES;
				CLANG_ENABLE_OBJC_ARC = YES;
				CLANG_WARN_BLOCK_CAPTURE_AUTORELEASING = YES;
				CLANG_WARN_BOOL_CONVERSION = YES;
				CLANG_WARN_COMMA = YES;
				CLANG_WARN_CONSTANT_CONVERSION = YES;
				CLANG_WARN_DEPRECATED_OBJC_IMPLEMENTATIONS = YES;
				CLANG_WARN_DIRECT_OBJC_ISA_USAGE = YES_ERROR;
				CLANG_WARN_DOCUMENTATION_COMMENTS = YES;
				CLANG_WARN_EMPTY_BODY = YES;
				CLANG_WARN_ENUM_CONVERSION = YES;
				CLANG_WARN_INFINITE_RECURSION = YES;
				CLANG_WARN_INT_CONVERSION = YES;
				CLANG_WARN_NON_LITERAL_NULL_CONVERSION = YES;
				CLANG_WARN_OBJC_IMPLICIT_RETAIN_SELF = YES;
				CLANG_WARN_OBJC_LITERAL_CONVERSION = YES;
				CLANG_WARN_OBJC_ROOT_CLASS = YES_ERROR;
				CLANG_WARN_RANGE_LOOP_ANALYSIS = YES;
				CLANG_WARN_STRICT_PROTOTYPES = YES;
				CLANG_WARN_SUSPICIOUS_MOVE = YES;
				CLANG_WARN_UNREACHABLE_CODE = YES;
				CLANG_WARN__DUPLICATE_METHOD_MATCH = YES;
				"CODE_SIGN_IDENTITY[sdk=iphoneos*]" = "iPhone Developer";
				COPY_PHASE_STRIP = NO;
				DEBUG_INFORMATION_FORMAT = "dwarf-with-dsym";
				ENABLE_NS_ASSERTIONS = NO;
				ENABLE_STRICT_OBJC_MSGSEND = YES;
				GCC_C_LANGUAGE_STANDARD = gnu99;
				GCC_NO_COMMON_BLOCKS = YES;
				GCC_WARN_64_TO_32_BIT_CONVERSION = YES;
				GCC_WARN_ABOUT_RETURN_TYPE = YES_ERROR;
				GCC_WARN_UNDECLARED_SELECTOR = YES;
				GCC_WARN_UNINITIALIZED_AUTOS = YES_AGGRESSIVE;
				GCC_WARN_UNUSED_FUNCTION = YES;
				GCC_WARN_UNUSED_VARIABLE = YES;
				IPHONEOS_DEPLOYMENT_TARGET = 13.0;
				MTL_ENABLE_DEBUG_INFO = NO;
				SDKROOT = iphoneos;
				SWIFT_COMPILATION_MODE = wholemodule;
				SWIFT_OBJC_BRIDGING_HEADER = "";
				SWIFT_OPTIMIZATION_LEVEL = "-O";
				TARGETED_DEVICE_FAMILY = "1,2";
				VALIDATE_PRODUCT = YES;
			};
			name = Release;
		};
		A1E594D41E6C1891008745B1 /* Debug */ = {
			isa = XCBuildConfiguration;
			baseConfigurationReference = 003B9AECA670BC170E74D814 /* Pods-Solario.debug.xcconfig */;
			buildSettings = {
				ASSETCATALOG_COMPILER_APPICON_NAME = "AppIcon 1.0";
				CURRENT_PROJECT_VERSION = 11;
				DEVELOPMENT_TEAM = HHKU5A364G;
				INFOPLIST_FILE = Solario/Info.plist;
				IPHONEOS_DEPLOYMENT_TARGET = 13.0;
				LD_RUNPATH_SEARCH_PATHS = (
					"$(inherited)",
					"@executable_path/Frameworks",
				);
				PRODUCT_BUNDLE_IDENTIFIER = com.azfalt.solario;
				PRODUCT_NAME = "$(TARGET_NAME)";
				SWIFT_OBJC_BRIDGING_HEADER = "$(PROJECT_DIR)/$(PROJECT_NAME)/ObjC-Bridging-Header.h";
				SWIFT_VERSION = 5.0;
			};
			name = Debug;
		};
		A1E594D51E6C1891008745B1 /* Release */ = {
			isa = XCBuildConfiguration;
			baseConfigurationReference = 94E50256E77EC20F4EB7C4CA /* Pods-Solario.release.xcconfig */;
			buildSettings = {
				ASSETCATALOG_COMPILER_APPICON_NAME = "AppIcon 1.0";
				CURRENT_PROJECT_VERSION = 11;
				DEVELOPMENT_TEAM = HHKU5A364G;
				INFOPLIST_FILE = Solario/Info.plist;
				IPHONEOS_DEPLOYMENT_TARGET = 13.0;
				LD_RUNPATH_SEARCH_PATHS = (
					"$(inherited)",
					"@executable_path/Frameworks",
				);
				PRODUCT_BUNDLE_IDENTIFIER = com.azfalt.solario;
				PRODUCT_NAME = "$(TARGET_NAME)";
				SWIFT_OBJC_BRIDGING_HEADER = "$(PROJECT_DIR)/$(PROJECT_NAME)/ObjC-Bridging-Header.h";
				SWIFT_VERSION = 5.0;
			};
			name = Release;
		};
/* End XCBuildConfiguration section */

/* Begin XCConfigurationList section */
		A1E594BC1E6C1891008745B1 /* Build configuration list for PBXProject "Solario" */ = {
			isa = XCConfigurationList;
			buildConfigurations = (
				A1E594D11E6C1891008745B1 /* Debug */,
				A1E594D21E6C1891008745B1 /* Release */,
			);
			defaultConfigurationIsVisible = 0;
			defaultConfigurationName = Release;
		};
		A1E594D31E6C1891008745B1 /* Build configuration list for PBXNativeTarget "Solario" */ = {
			isa = XCConfigurationList;
			buildConfigurations = (
				A1E594D41E6C1891008745B1 /* Debug */,
				A1E594D51E6C1891008745B1 /* Release */,
			);
			defaultConfigurationIsVisible = 0;
			defaultConfigurationName = Release;
		};
/* End XCConfigurationList section */
	};
	rootObject = A1E594B91E6C1891008745B1 /* Project object */;
}
